{
  "version": 4,
  "terraform_version": "1.4.6",
  "serial": 6,
  "lineage": "51ae7c4f-070a-fb3b-15e1-d275819fc807",
  "outputs": {},
  "resources": [
    {
      "module": "module.create_vm",
      "mode": "data",
      "type": "vsphere_compute_cluster",
      "name": "cluster",
      "provider": "module.create_vm.provider[\"registry.terraform.io/hashicorp/vsphere\"]",
      "instances": [
        {
          "schema_version": 0,
          "attributes": {
            "datacenter_id": "datacenter-2",
            "id": "domain-c182",
            "name": "Cluster-01",
            "resource_pool_id": "resgroup-183"
          },
          "sensitive_attributes": []
        }
      ]
    },
    {
      "module": "module.create_vm",
      "mode": "data",
      "type": "vsphere_datacenter",
      "name": "datacenter",
      "provider": "module.create_vm.provider[\"registry.terraform.io/hashicorp/vsphere\"]",
      "instances": [
        {
          "schema_version": 0,
          "attributes": {
            "id": "datacenter-2",
            "name": "big-data"
          },
          "sensitive_attributes": []
        }
      ]
    },
    {
      "module": "module.create_vm",
      "mode": "data",
      "type": "vsphere_datastore",
      "name": "disk1",
      "provider": "module.create_vm.provider[\"registry.terraform.io/hashicorp/vsphere\"]",
      "instances": [
        {
          "schema_version": 0,
          "attributes": {
            "datacenter_id": "datacenter-2",
            "id": "datastore-11",
            "name": "Disk-1"
          },
          "sensitive_attributes": []
        }
      ]
    },
    {
      "module": "module.create_vm",
      "mode": "data",
      "type": "vsphere_datastore",
      "name": "disk2",
      "provider": "module.create_vm.provider[\"registry.terraform.io/hashicorp/vsphere\"]",
      "instances": [
        {
          "schema_version": 0,
          "attributes": {
            "datacenter_id": "datacenter-2",
            "id": "datastore-10",
            "name": "Disk-2-1TB"
          },
          "sensitive_attributes": []
        }
      ]
    },
    {
      "module": "module.create_vm",
      "mode": "data",
      "type": "vsphere_network",
      "name": "lan-vm",
      "provider": "module.create_vm.provider[\"registry.terraform.io/hashicorp/vsphere\"]",
      "instances": [
        {
          "schema_version": 0,
          "attributes": {
            "datacenter_id": "datacenter-2",
            "distributed_virtual_switch_uuid": null,
            "id": "network-14",
            "name": "lan-vmnic2",
            "type": "Network"
          },
          "sensitive_attributes": []
        }
      ]
    },
    {
      "module": "module.create_vm",
      "mode": "data",
      "type": "vsphere_network",
      "name": "vmnetwork",
      "provider": "module.create_vm.provider[\"registry.terraform.io/hashicorp/vsphere\"]",
      "instances": [
        {
          "schema_version": 0,
          "attributes": {
            "datacenter_id": "datacenter-2",
            "distributed_virtual_switch_uuid": null,
            "id": "network-12",
            "name": "VM Network",
            "type": "Network"
          },
          "sensitive_attributes": []
        }
      ]
    },
    {
      "module": "module.create_vm",
      "mode": "data",
      "type": "vsphere_network",
      "name": "wan-network",
      "provider": "module.create_vm.provider[\"registry.terraform.io/hashicorp/vsphere\"]",
      "instances": [
        {
          "schema_version": 0,
          "attributes": {
            "datacenter_id": "datacenter-2",
            "distributed_virtual_switch_uuid": null,
            "id": "network-13",
            "name": "Wan-vmnic0",
            "type": "Network"
          },
          "sensitive_attributes": []
        }
      ]
    },
    {
      "module": "module.create_vm",
      "mode": "data",
      "type": "vsphere_virtual_machine",
      "name": "ubuntu20-04",
      "provider": "module.create_vm.provider[\"registry.terraform.io/hashicorp/vsphere\"]",
      "instances": [
        {
          "schema_version": 0,
          "attributes": {
            "alternate_guest_name": "",
            "annotation": "",
            "boot_delay": 0,
            "boot_retry_delay": 10000,
            "boot_retry_enabled": false,
            "change_version": "2023-03-15T00:02:21.132117Z",
            "cpu_hot_add_enabled": false,
            "cpu_hot_remove_enabled": false,
            "cpu_limit": -1,
            "cpu_performance_counters_enabled": false,
            "cpu_reservation": 0,
            "cpu_share_count": 4000,
            "cpu_share_level": "normal",
            "datacenter_id": "datacenter-2",
            "default_ip_address": null,
            "disks": [
              {
                "eagerly_scrub": false,
                "label": "Hard disk 1",
                "size": 20,
                "thin_provisioned": true,
                "unit_number": 0
              }
            ],
            "efi_secure_boot_enabled": false,
            "enable_disk_uuid": false,
            "enable_logging": true,
            "ept_rvi_mode": "automatic",
            "extra_config": {},
            "extra_config_reboot_required": true,
            "firmware": "bios",
            "guest_id": "ubuntu64Guest",
            "guest_ip_addresses": [],
            "hardware_version": 13,
            "hv_mode": "hvAuto",
            "id": "423b09d6-c7a0-6a05-12f8-7e3b4da3ade7",
            "ide_controller_scan_count": 2,
            "latency_sensitivity": "normal",
            "memory": 6144,
            "memory_hot_add_enabled": false,
            "memory_limit": -1,
            "memory_reservation": 0,
            "memory_share_count": 61440,
            "memory_share_level": "normal",
            "moid": "vm-62",
            "name": "ready",
            "nested_hv_enabled": false,
            "network_interface_types": [
              "vmxnet3"
            ],
            "network_interfaces": [
              {
                "adapter_type": "vmxnet3",
                "bandwidth_limit": -1,
                "bandwidth_reservation": 0,
                "bandwidth_share_count": 50,
                "bandwidth_share_level": "normal",
                "mac_address": "00:50:56:bb:7a:a3",
                "network_id": "network-14"
              }
            ],
            "num_cores_per_socket": 1,
            "num_cpus": 4,
            "replace_trigger": null,
            "run_tools_scripts_after_power_on": true,
            "run_tools_scripts_after_resume": true,
            "run_tools_scripts_before_guest_reboot": false,
            "run_tools_scripts_before_guest_shutdown": true,
            "run_tools_scripts_before_guest_standby": true,
            "sata_controller_scan_count": 0,
            "scsi_bus_sharing": "noSharing",
            "scsi_controller_scan_count": 1,
            "scsi_type": "lsilogic",
            "storage_policy_id": null,
            "swap_placement_policy": "inherit",
            "sync_time_with_host": false,
            "sync_time_with_host_periodically": null,
            "tools_upgrade_policy": "manual",
            "uuid": "423b09d6-c7a0-6a05-12f8-7e3b4da3ade7",
            "vapp": null,
            "vapp_transport": [],
            "vbs_enabled": null,
            "vvtd_enabled": null
          },
          "sensitive_attributes": []
        }
      ]
    },
    {
      "module": "module.create_vm",
      "mode": "managed",
      "type": "vsphere_virtual_machine",
      "name": "vm",
      "provider": "module.create_vm.provider[\"registry.terraform.io/hashicorp/vsphere\"]",
      "instances": [
        {
          "index_key": 0,
          "schema_version": 3,
          "attributes": {
            "alternate_guest_name": "",
            "annotation": "",
            "boot_delay": 0,
            "boot_retry_delay": 10000,
            "boot_retry_enabled": false,
            "cdrom": [],
            "change_version": "2023-06-13T18:54:58.28761Z",
            "clone": [
              {
                "customize": [],
                "linked_clone": false,
                "ovf_network_map": {},
                "ovf_storage_map": {},
                "template_uuid": "423b09d6-c7a0-6a05-12f8-7e3b4da3ade7",
                "timeout": 30
              }
            ],
            "cpu_hot_add_enabled": false,
            "cpu_hot_remove_enabled": false,
            "cpu_limit": -1,
            "cpu_performance_counters_enabled": false,
            "cpu_reservation": 0,
            "cpu_share_count": 2000,
            "cpu_share_level": "normal",
            "custom_attributes": {},
            "datacenter_id": null,
            "datastore_cluster_id": null,
            "datastore_id": "datastore-10",
            "default_ip_address": "192.168.10.19",
            "disk": [
              {
                "attach": false,
                "controller_type": "scsi",
                "datastore_id": "datastore-10",
                "device_address": "scsi:0:0",
                "disk_mode": "persistent",
                "disk_sharing": "sharingNone",
                "eagerly_scrub": false,
                "io_limit": -1,
                "io_reservation": 0,
                "io_share_count": 1000,
                "io_share_level": "normal",
                "keep_on_remove": false,
                "key": 2000,
                "label": "foo",
                "path": "foo/foo-0.vmdk",
                "size": 30,
                "storage_policy_id": "",
                "thin_provisioned": true,
                "unit_number": 0,
                "uuid": "6000C295-43ff-21be-6f95-de0249bd1b15",
                "write_through": false
              }
            ],
            "efi_secure_boot_enabled": false,
            "enable_disk_uuid": false,
            "enable_logging": false,
            "ept_rvi_mode": "automatic",
            "extra_config": {},
            "extra_config_reboot_required": true,
            "firmware": "bios",
            "folder": "",
            "force_power_off": true,
            "guest_id": "ubuntu64Guest",
            "guest_ip_addresses": [
              "192.168.10.19",
              "fe80::250:56ff:febb:5e59"
            ],
            "hardware_version": 13,
            "host_system_id": "host-9",
            "hv_mode": "hvAuto",
            "id": "423b69ff-9930-73b8-8564-18694c33bcb5",
            "ide_controller_count": 2,
            "ignored_guest_ips": null,
            "imported": null,
            "latency_sensitivity": "normal",
            "memory": 1024,
            "memory_hot_add_enabled": false,
            "memory_limit": -1,
            "memory_reservation": 0,
            "memory_share_count": 10240,
            "memory_share_level": "normal",
            "migrate_wait_timeout": 30,
            "moid": "vm-221",
            "name": "foo-0",
            "nested_hv_enabled": false,
            "network_interface": [
              {
                "adapter_type": "vmxnet3",
                "bandwidth_limit": -1,
                "bandwidth_reservation": 0,
                "bandwidth_share_count": 50,
                "bandwidth_share_level": "normal",
                "device_address": "pci:0:7",
                "key": 4000,
                "mac_address": "00:50:56:bb:5e:59",
                "network_id": "network-14",
                "ovf_mapping": "",
                "use_static_mac": false
              }
            ],
            "num_cores_per_socket": 1,
            "num_cpus": 2,
            "ovf_deploy": [],
            "pci_device_id": [],
            "power_state": "on",
            "poweron_timeout": 300,
            "reboot_required": false,
            "replace_trigger": null,
            "resource_pool_id": "resgroup-183",
            "run_tools_scripts_after_power_on": true,
            "run_tools_scripts_after_resume": true,
            "run_tools_scripts_before_guest_reboot": false,
            "run_tools_scripts_before_guest_shutdown": true,
            "run_tools_scripts_before_guest_standby": true,
            "sata_controller_count": 0,
            "scsi_bus_sharing": "noSharing",
            "scsi_controller_count": 1,
            "scsi_type": "pvscsi",
            "shutdown_wait_timeout": 3,
            "storage_policy_id": "",
            "swap_placement_policy": "inherit",
            "sync_time_with_host": false,
            "sync_time_with_host_periodically": null,
            "tags": [],
            "tools_upgrade_policy": "manual",
            "uuid": "423b69ff-9930-73b8-8564-18694c33bcb5",
            "vapp": [],
            "vapp_transport": [],
            "vbs_enabled": null,
            "vmware_tools_status": "guestToolsRunning",
            "vmx_path": "foo/foo.vmx",
            "vvtd_enabled": null,
            "wait_for_guest_ip_timeout": 60,
            "wait_for_guest_net_routable": true,
            "wait_for_guest_net_timeout": 60
          },
          "sensitive_attributes": [],
          "private": "eyJzY2hlbWFfdmVyc2lvbiI6IjMifQ==",
          "dependencies": [
            "module.create_vm.data.vsphere_compute_cluster.cluster",
            "module.create_vm.data.vsphere_datastore.disk2",
            "module.create_vm.data.vsphere_network.lan-vm",
            "module.create_vm.data.vsphere_virtual_machine.ubuntu20-04"
          ]
        },
        {
          "index_key": 1,
          "schema_version": 3,
          "attributes": {
            "alternate_guest_name": "",
            "annotation": "",
            "boot_delay": 0,
            "boot_retry_delay": 10000,
            "boot_retry_enabled": false,
            "cdrom": [],
            "change_version": "2023-06-13T18:58:58.050785Z",
            "clone": [
              {
                "customize": [],
                "linked_clone": false,
                "ovf_network_map": null,
                "ovf_storage_map": null,
                "template_uuid": "423b09d6-c7a0-6a05-12f8-7e3b4da3ade7",
                "timeout": 30
              }
            ],
            "cpu_hot_add_enabled": false,
            "cpu_hot_remove_enabled": false,
            "cpu_limit": -1,
            "cpu_performance_counters_enabled": false,
            "cpu_reservation": 0,
            "cpu_share_count": 2000,
            "cpu_share_level": "normal",
            "custom_attributes": null,
            "datacenter_id": null,
            "datastore_cluster_id": null,
            "datastore_id": "datastore-10",
            "default_ip_address": "192.168.10.19",
            "disk": [
              {
                "attach": false,
                "controller_type": "scsi",
                "datastore_id": "datastore-10",
                "device_address": "scsi:0:0",
                "disk_mode": "persistent",
                "disk_sharing": "sharingNone",
                "eagerly_scrub": false,
                "io_limit": -1,
                "io_reservation": 0,
                "io_share_count": 1000,
                "io_share_level": "normal",
                "keep_on_remove": false,
                "key": 2000,
                "label": "foo",
                "path": "foo-1/foo-1.vmdk",
                "size": 30,
                "storage_policy_id": "",
                "thin_provisioned": true,
                "unit_number": 0,
                "uuid": "6000C290-070c-a9ca-8c87-a531a8624741",
                "write_through": false
              }
            ],
            "efi_secure_boot_enabled": false,
            "enable_disk_uuid": false,
            "enable_logging": false,
            "ept_rvi_mode": "automatic",
            "extra_config": null,
            "extra_config_reboot_required": true,
            "firmware": "bios",
            "folder": "",
            "force_power_off": true,
            "guest_id": "ubuntu64Guest",
            "guest_ip_addresses": [
              "192.168.10.19",
              "fe80::250:56ff:febb:57b"
            ],
            "hardware_version": 13,
            "host_system_id": "host-9",
            "hv_mode": "hvAuto",
            "id": "423b17eb-db4b-7e37-2d5e-bd73ddc83c62",
            "ide_controller_count": 2,
            "ignored_guest_ips": null,
            "imported": null,
            "latency_sensitivity": "normal",
            "memory": 1024,
            "memory_hot_add_enabled": false,
            "memory_limit": -1,
            "memory_reservation": 0,
            "memory_share_count": 10240,
            "memory_share_level": "normal",
            "migrate_wait_timeout": 30,
            "moid": "vm-223",
            "name": "foo-1",
            "nested_hv_enabled": false,
            "network_interface": [
              {
                "adapter_type": "vmxnet3",
                "bandwidth_limit": -1,
                "bandwidth_reservation": 0,
                "bandwidth_share_count": 50,
                "bandwidth_share_level": "normal",
                "device_address": "pci:0:7",
                "key": 4000,
                "mac_address": "00:50:56:bb:05:7b",
                "network_id": "network-14",
                "ovf_mapping": "",
                "use_static_mac": false
              }
            ],
            "num_cores_per_socket": 1,
            "num_cpus": 2,
            "ovf_deploy": [],
            "pci_device_id": null,
            "power_state": "on",
            "poweron_timeout": 300,
            "reboot_required": false,
            "replace_trigger": null,
            "resource_pool_id": "resgroup-183",
            "run_tools_scripts_after_power_on": true,
            "run_tools_scripts_after_resume": true,
            "run_tools_scripts_before_guest_reboot": false,
            "run_tools_scripts_before_guest_shutdown": true,
            "run_tools_scripts_before_guest_standby": true,
            "sata_controller_count": 0,
            "scsi_bus_sharing": "noSharing",
            "scsi_controller_count": 1,
            "scsi_type": "pvscsi",
            "shutdown_wait_timeout": 3,
            "storage_policy_id": "",
            "swap_placement_policy": "inherit",
            "sync_time_with_host": false,
            "sync_time_with_host_periodically": null,
            "tags": null,
            "tools_upgrade_policy": "manual",
            "uuid": "423b17eb-db4b-7e37-2d5e-bd73ddc83c62",
            "vapp": [],
            "vapp_transport": [],
            "vbs_enabled": null,
            "vmware_tools_status": "guestToolsRunning",
            "vmx_path": "foo-1/foo-1.vmx",
            "vvtd_enabled": null,
            "wait_for_guest_ip_timeout": 60,
            "wait_for_guest_net_routable": true,
            "wait_for_guest_net_timeout": 60
          },
          "sensitive_attributes": [],
          "private": "eyJzY2hlbWFfdmVyc2lvbiI6IjMifQ==",
          "dependencies": [
            "module.create_vm.data.vsphere_compute_cluster.cluster",
            "module.create_vm.data.vsphere_datastore.disk2",
            "module.create_vm.data.vsphere_network.lan-vm",
            "module.create_vm.data.vsphere_virtual_machine.ubuntu20-04"
          ]
        },
        {
          "index_key": 2,
          "schema_version": 3,
          "attributes": {
            "alternate_guest_name": "",
            "annotation": "",
            "boot_delay": 0,
            "boot_retry_delay": 10000,
            "boot_retry_enabled": false,
            "cdrom": [],
            "change_version": "2023-06-13T18:58:58.061337Z",
            "clone": [
              {
                "customize": [],
                "linked_clone": false,
                "ovf_network_map": null,
                "ovf_storage_map": null,
                "template_uuid": "423b09d6-c7a0-6a05-12f8-7e3b4da3ade7",
                "timeout": 30
              }
            ],
            "cpu_hot_add_enabled": false,
            "cpu_hot_remove_enabled": false,
            "cpu_limit": -1,
            "cpu_performance_counters_enabled": false,
            "cpu_reservation": 0,
            "cpu_share_count": 2000,
            "cpu_share_level": "normal",
            "custom_attributes": null,
            "datacenter_id": null,
            "datastore_cluster_id": null,
            "datastore_id": "datastore-10",
            "default_ip_address": "192.168.10.19",
            "disk": [
              {
                "attach": false,
                "controller_type": "scsi",
                "datastore_id": "datastore-10",
                "device_address": "scsi:0:0",
                "disk_mode": "persistent",
                "disk_sharing": "sharingNone",
                "eagerly_scrub": false,
                "io_limit": -1,
                "io_reservation": 0,
                "io_share_count": 1000,
                "io_share_level": "normal",
                "keep_on_remove": false,
                "key": 2000,
                "label": "foo",
                "path": "foo-2/foo-2.vmdk",
                "size": 30,
                "storage_policy_id": "",
                "thin_provisioned": true,
                "unit_number": 0,
                "uuid": "6000C29a-5429-83de-be8d-bd67d07b7a60",
                "write_through": false
              }
            ],
            "efi_secure_boot_enabled": false,
            "enable_disk_uuid": false,
            "enable_logging": false,
            "ept_rvi_mode": "automatic",
            "extra_config": null,
            "extra_config_reboot_required": true,
            "firmware": "bios",
            "folder": "",
            "force_power_off": true,
            "guest_id": "ubuntu64Guest",
            "guest_ip_addresses": [
              "192.168.10.19",
              "fe80::250:56ff:febb:15ca"
            ],
            "hardware_version": 13,
            "host_system_id": "host-9",
            "hv_mode": "hvAuto",
            "id": "423b4128-452c-d026-a072-acb752fdd7aa",
            "ide_controller_count": 2,
            "ignored_guest_ips": null,
            "imported": null,
            "latency_sensitivity": "normal",
            "memory": 1024,
            "memory_hot_add_enabled": false,
            "memory_limit": -1,
            "memory_reservation": 0,
            "memory_share_count": 10240,
            "memory_share_level": "normal",
            "migrate_wait_timeout": 30,
            "moid": "vm-222",
            "name": "foo-2",
            "nested_hv_enabled": false,
            "network_interface": [
              {
                "adapter_type": "vmxnet3",
                "bandwidth_limit": -1,
                "bandwidth_reservation": 0,
                "bandwidth_share_count": 50,
                "bandwidth_share_level": "normal",
                "device_address": "pci:0:7",
                "key": 4000,
                "mac_address": "00:50:56:bb:15:ca",
                "network_id": "network-14",
                "ovf_mapping": "",
                "use_static_mac": false
              }
            ],
            "num_cores_per_socket": 1,
            "num_cpus": 2,
            "ovf_deploy": [],
            "pci_device_id": null,
            "power_state": "on",
            "poweron_timeout": 300,
            "reboot_required": false,
            "replace_trigger": null,
            "resource_pool_id": "resgroup-183",
            "run_tools_scripts_after_power_on": true,
            "run_tools_scripts_after_resume": true,
            "run_tools_scripts_before_guest_reboot": false,
            "run_tools_scripts_before_guest_shutdown": true,
            "run_tools_scripts_before_guest_standby": true,
            "sata_controller_count": 0,
            "scsi_bus_sharing": "noSharing",
            "scsi_controller_count": 1,
            "scsi_type": "pvscsi",
            "shutdown_wait_timeout": 3,
            "storage_policy_id": "",
            "swap_placement_policy": "inherit",
            "sync_time_with_host": false,
            "sync_time_with_host_periodically": null,
            "tags": null,
            "tools_upgrade_policy": "manual",
            "uuid": "423b4128-452c-d026-a072-acb752fdd7aa",
            "vapp": [],
            "vapp_transport": [],
            "vbs_enabled": null,
            "vmware_tools_status": "guestToolsRunning",
            "vmx_path": "foo-2/foo-2.vmx",
            "vvtd_enabled": null,
            "wait_for_guest_ip_timeout": 60,
            "wait_for_guest_net_routable": true,
            "wait_for_guest_net_timeout": 60
          },
          "sensitive_attributes": [],
          "private": "eyJzY2hlbWFfdmVyc2lvbiI6IjMifQ==",
          "dependencies": [
            "module.create_vm.data.vsphere_compute_cluster.cluster",
            "module.create_vm.data.vsphere_datastore.disk2",
            "module.create_vm.data.vsphere_network.lan-vm",
            "module.create_vm.data.vsphere_virtual_machine.ubuntu20-04"
          ]
        }
      ]
    }
  ],
  "check_results": null
}
